
Microsoft Visual Studio Solution File, Format Version 12.00
# Visual Studio 15
VisualStudioVersion = 15.0.26430.15
MinimumVisualStudioVersion = 10.0.40219.1
Project("{FAE04EC0-301F-11D3-BF4B-00C04F79EFBC}") = "WebApplication1", "WebApplication1\WebApplication1.csproj", "{E6C84D1B-1510-48BC-A23E-4AAA4382B8D6}"
EndProject
Project("{2150E333-8FDC-42A3-9474-1A3956D46DE8}") = "View And Controller", "View And Controller", "{72B39CC9-8374-433C-871A-D666618BE64C}"
EndProject
Project("{2150E333-8FDC-42A3-9474-1A3956D46DE8}") = "Model", "Model", "{4F8FFFB3-60BF-44B1-9966-5772A20DF104}"
EndProject
Project("{2150E333-8FDC-42A3-9474-1A3956D46DE8}") = "ViewModel", "ViewModel", "{F65CB1B4-9873-41F4-9D37-5222598DE333}"
EndProject
Project("{2150E333-8FDC-42A3-9474-1A3956D46DE8}") = "Data Access Layer", "Data Access Layer", "{DA5979EA-515B-4CFC-9151-AD3B4D56EA6C}"
EndProject
Project("{FAE04EC0-301F-11D3-BF4B-00C04F79EFBC}") = "DataAccessLayer", "DataAccessLayer\DataAccessLayer.csproj", "{5D87EEED-0D0A-43E6-A8B0-6A6470D06896}"
EndProject
Project("{FAE04EC0-301F-11D3-BF4B-00C04F79EFBC}") = "BusinessLayer", "BusinessLayer\BusinessLayer.csproj", "{0DBA4AFD-7E91-4B59-BF1F-2C9884FA72EE}"
EndProject
Project("{FAE04EC0-301F-11D3-BF4B-00C04F79EFBC}") = "BusinessEntities", "BusinessEntities\BusinessEntities.csproj", "{410656BE-E3F6-4916-93F6-74E4CF5C3F27}"
EndProject
Project("{FAE04EC0-301F-11D3-BF4B-00C04F79EFBC}") = "ViewModel", "ViewModel\ViewModel.csproj", "{50F7C141-8966-478F-8D66-B97854C0962B}"
EndProject
Global
	GlobalSection(SolutionConfigurationPlatforms) = preSolution
		Debug|Any CPU = Debug|Any CPU
		Release|Any CPU = Release|Any CPU
	EndGlobalSection
	GlobalSection(ProjectConfigurationPlatforms) = postSolution
		{E6C84D1B-1510-48BC-A23E-4AAA4382B8D6}.Debug|Any CPU.ActiveCfg = Debug|Any CPU
		{E6C84D1B-1510-48BC-A23E-4AAA4382B8D6}.Debug|Any CPU.Build.0 = Debug|Any CPU
		{E6C84D1B-1510-48BC-A23E-4AAA4382B8D6}.Release|Any CPU.ActiveCfg = Release|Any CPU
		{E6C84D1B-1510-48BC-A23E-4AAA4382B8D6}.Release|Any CPU.Build.0 = Release|Any CPU
		{5D87EEED-0D0A-43E6-A8B0-6A6470D06896}.Debug|Any CPU.ActiveCfg = Debug|Any CPU
		{5D87EEED-0D0A-43E6-A8B0-6A6470D06896}.Debug|Any CPU.Build.0 = Debug|Any CPU
		{5D87EEED-0D0A-43E6-A8B0-6A6470D06896}.Release|Any CPU.ActiveCfg = Release|Any CPU
		{5D87EEED-0D0A-43E6-A8B0-6A6470D06896}.Release|Any CPU.Build.0 = Release|Any CPU
		{0DBA4AFD-7E91-4B59-BF1F-2C9884FA72EE}.Debug|Any CPU.ActiveCfg = Debug|Any CPU
		{0DBA4AFD-7E91-4B59-BF1F-2C9884FA72EE}.Debug|Any CPU.Build.0 = Debug|Any CPU
		{0DBA4AFD-7E91-4B59-BF1F-2C9884FA72EE}.Release|Any CPU.ActiveCfg = Release|Any CPU
		{0DBA4AFD-7E91-4B59-BF1F-2C9884FA72EE}.Release|Any CPU.Build.0 = Release|Any CPU
		{410656BE-E3F6-4916-93F6-74E4CF5C3F27}.Debug|Any CPU.ActiveCfg = Debug|Any CPU
		{410656BE-E3F6-4916-93F6-74E4CF5C3F27}.Debug|Any CPU.Build.0 = Debug|Any CPU
		{410656BE-E3F6-4916-93F6-74E4CF5C3F27}.Release|Any CPU.ActiveCfg = Release|Any CPU
		{410656BE-E3F6-4916-93F6-74E4CF5C3F27}.Release|Any CPU.Build.0 = Release|Any CPU
		{50F7C141-8966-478F-8D66-B97854C0962B}.Debug|Any CPU.ActiveCfg = Debug|Any CPU
		{50F7C141-8966-478F-8D66-B97854C0962B}.Debug|Any CPU.Build.0 = Debug|Any CPU
		{50F7C141-8966-478F-8D66-B97854C0962B}.Release|Any CPU.ActiveCfg = Release|Any CPU
		{50F7C141-8966-478F-8D66-B97854C0962B}.Release|Any CPU.Build.0 = Release|Any CPU
	EndGlobalSection
	GlobalSection(SolutionProperties) = preSolution
		HideSolutionNode = FALSE
	EndGlobalSection
	GlobalSection(NestedProjects) = preSolution
		{E6C84D1B-1510-48BC-A23E-4AAA4382B8D6} = {72B39CC9-8374-433C-871A-D666618BE64C}
		{5D87EEED-0D0A-43E6-A8B0-6A6470D06896} = {DA5979EA-515B-4CFC-9151-AD3B4D56EA6C}
		{0DBA4AFD-7E91-4B59-BF1F-2C9884FA72EE} = {4F8FFFB3-60BF-44B1-9966-5772A20DF104}
		{410656BE-E3F6-4916-93F6-74E4CF5C3F27} = {4F8FFFB3-60BF-44B1-9966-5772A20DF104}
		{50F7C141-8966-478F-8D66-B97854C0962B} = {F65CB1B4-9873-41F4-9D37-5222598DE333}
	EndGlobalSection
EndGlobal
